
Microsoft Visual Studio Solution File, Format Version 12.00
# Visual Studio 15
VisualStudioVersion = 15.0.27428.2015
MinimumVisualStudioVersion = 10.0.40219.1
Project("{FAE04EC0-301F-11D3-BF4B-00C04F79EFBC}") = "SimpleImageGallery", "SimpleImageGallary\SimpleImageGallery.csproj", "{F71E1AA1-6B27-42A6-915F-2E0AE8224958}"
EndProject
Project("{FAE04EC0-301F-11D3-BF4B-00C04F79EFBC}") = "SimpleImageGallery.Data", "..\SimpleImageGallery\SimpleImageGallery.data\SimpleImageGallery.Data.csproj", "{9058CD4D-F7C6-4BC8-80F4-0DB34B526AF1}"
EndProject
Global
	GlobalSection(SolutionConfigurationPlatforms) = preSolution
		Debug|Any CPU = Debug|Any CPU
		Release|Any CPU = Release|Any CPU
	EndGlobalSection
	GlobalSection(ProjectConfigurationPlatforms) = postSolution
		{F71E1AA1-6B27-42A6-915F-2E0AE8224958}.Debug|Any CPU.ActiveCfg = Debug|Any CPU
		{F71E1AA1-6B27-42A6-915F-2E0AE8224958}.Debug|Any CPU.Build.0 = Debug|Any CPU
		{F71E1AA1-6B27-42A6-915F-2E0AE8224958}.Release|Any CPU.ActiveCfg = Release|Any CPU
		{F71E1AA1-6B27-42A6-915F-2E0AE8224958}.Release|Any CPU.Build.0 = Release|Any CPU
		{9058CD4D-F7C6-4BC8-80F4-0DB34B526AF1}.Debug|Any CPU.ActiveCfg = Debug|Any CPU
		{9058CD4D-F7C6-4BC8-80F4-0DB34B526AF1}.Debug|Any CPU.Build.0 = Debug|Any CPU
		{9058CD4D-F7C6-4BC8-80F4-0DB34B526AF1}.Release|Any CPU.ActiveCfg = Release|Any CPU
		{9058CD4D-F7C6-4BC8-80F4-0DB34B526AF1}.Release|Any CPU.Build.0 = Release|Any CPU
	EndGlobalSection
	GlobalSection(SolutionProperties) = preSolution
		HideSolutionNode = FALSE
	EndGlobalSection
	GlobalSection(ExtensibilityGlobals) = postSolution
		SolutionGuid = {022117C4-F17D-423B-815A-8EAAAE68469B}
	EndGlobalSection
EndGlobal
